
Microsoft Visual Studio Solution File, Format Version 12.00
# Visual Studio Version 17
VisualStudioVersion = 17.0.31903.59
MinimumVisualStudioVersion = 10.0.40219.1
Project("{FAE04EC0-301F-11D3-BF4B-00C04F79EFBC}") = "CustomSpecifications", "CustomSpecifications\CustomSpecifications.csproj", "{287B9041-88E6-4EB1-9201-64380A0E9239}"
EndProject
Project("{FAE04EC0-301F-11D3-BF4B-00C04F79EFBC}") = "CustomSpecifications.Tests", "CustomSpecifications.Tests\CustomSpecifications.Tests.csproj", "{9ABA6779-EDCC-4D2C-9614-B44F92BE2BF2}"
EndProject
Global
	GlobalSection(SolutionConfigurationPlatforms) = preSolution
		Debug|Any CPU = Debug|Any CPU
		Debug|x64 = Debug|x64
		Debug|x86 = Debug|x86
		Release|Any CPU = Release|Any CPU
		Release|x64 = Release|x64
		Release|x86 = Release|x86
	EndGlobalSection
	GlobalSection(ProjectConfigurationPlatforms) = postSolution
		{287B9041-88E6-4EB1-9201-64380A0E9239}.Debug|Any CPU.ActiveCfg = Debug|Any CPU
		{287B9041-88E6-4EB1-9201-64380A0E9239}.Debug|Any CPU.Build.0 = Debug|Any CPU
		{287B9041-88E6-4EB1-9201-64380A0E9239}.Debug|x64.ActiveCfg = Debug|Any CPU
		{287B9041-88E6-4EB1-9201-64380A0E9239}.Debug|x64.Build.0 = Debug|Any CPU
		{287B9041-88E6-4EB1-9201-64380A0E9239}.Debug|x86.ActiveCfg = Debug|Any CPU
		{287B9041-88E6-4EB1-9201-64380A0E9239}.Debug|x86.Build.0 = Debug|Any CPU
		{287B9041-88E6-4EB1-9201-64380A0E9239}.Release|Any CPU.ActiveCfg = Release|Any CPU
		{287B9041-88E6-4EB1-9201-64380A0E9239}.Release|Any CPU.Build.0 = Release|Any CPU
		{287B9041-88E6-4EB1-9201-64380A0E9239}.Release|x64.ActiveCfg = Release|Any CPU
		{287B9041-88E6-4EB1-9201-64380A0E9239}.Release|x64.Build.0 = Release|Any CPU
		{287B9041-88E6-4EB1-9201-64380A0E9239}.Release|x86.ActiveCfg = Release|Any CPU
		{287B9041-88E6-4EB1-9201-64380A0E9239}.Release|x86.Build.0 = Release|Any CPU
		{9ABA6779-EDCC-4D2C-9614-B44F92BE2BF2}.Debug|Any CPU.ActiveCfg = Debug|Any CPU
		{9ABA6779-EDCC-4D2C-9614-B44F92BE2BF2}.Debug|Any CPU.Build.0 = Debug|Any CPU
		{9ABA6779-EDCC-4D2C-9614-B44F92BE2BF2}.Debug|x64.ActiveCfg = Debug|Any CPU
		{9ABA6779-EDCC-4D2C-9614-B44F92BE2BF2}.Debug|x64.Build.0 = Debug|Any CPU
		{9ABA6779-EDCC-4D2C-9614-B44F92BE2BF2}.Debug|x86.ActiveCfg = Debug|Any CPU
		{9ABA6779-EDCC-4D2C-9614-B44F92BE2BF2}.Debug|x86.Build.0 = Debug|Any CPU
		{9ABA6779-EDCC-4D2C-9614-B44F92BE2BF2}.Release|Any CPU.ActiveCfg = Release|Any CPU
		{9ABA6779-EDCC-4D2C-9614-B44F92BE2BF2}.Release|Any CPU.Build.0 = Release|Any CPU
		{9ABA6779-EDCC-4D2C-9614-B44F92BE2BF2}.Release|x64.ActiveCfg = Release|Any CPU
		{9ABA6779-EDCC-4D2C-9614-B44F92BE2BF2}.Release|x64.Build.0 = Release|Any CPU
		{9ABA6779-EDCC-4D2C-9614-B44F92BE2BF2}.Release|x86.ActiveCfg = Release|Any CPU
		{9ABA6779-EDCC-4D2C-9614-B44F92BE2BF2}.Release|x86.Build.0 = Release|Any CPU
	EndGlobalSection
	GlobalSection(SolutionProperties) = preSolution
		HideSolutionNode = FALSE
	EndGlobalSection
EndGlobal
